// !$*UTF8*$!
{
	archiveVersion = 1;
	classes = {
	};
	objectVersion = 46;
	objects = {

/* Begin PBXBuildFile section */
		2E11B70C1D39AA700013A1B4 /* AddEventViewController.swift in Sources */ = {isa = PBXBuildFile; fileRef = 2E11B70B1D39AA700013A1B4 /* AddEventViewController.swift */; };
		2E11B7121D3C40AD0013A1B4 /* NovoPacienteViewController.swift in Sources */ = {isa = PBXBuildFile; fileRef = 2E11B7111D3C40AD0013A1B4 /* NovoPacienteViewController.swift */; };
		2E5A365C1D41195C008AAD3A /* NovoDadoViewController.swift in Sources */ = {isa = PBXBuildFile; fileRef = 2E5A365B1D41195C008AAD3A /* NovoDadoViewController.swift */; };
		2E5A36611D41198A008AAD3A /* NovoMedicoViewController.swift in Sources */ = {isa = PBXBuildFile; fileRef = 2E5A36601D41198A008AAD3A /* NovoMedicoViewController.swift */; };
		2E5A36631D411998008AAD3A /* NovoExameViewController.swift in Sources */ = {isa = PBXBuildFile; fileRef = 2E5A36621D411998008AAD3A /* NovoExameViewController.swift */; };
		2E5A36681D414C17008AAD3A /* TabBarControl.swift in Sources */ = {isa = PBXBuildFile; fileRef = 2E5A36671D414C17008AAD3A /* TabBarControl.swift */; };
		2EB6092F1D47EE4100BF50E7 /* MedicoCell.swift in Sources */ = {isa = PBXBuildFile; fileRef = 2EB6092E1D47EE4100BF50E7 /* MedicoCell.swift */; };
		2EB609341D47EF2000BF50E7 /* ExameCell.swift in Sources */ = {isa = PBXBuildFile; fileRef = 2EB609331D47EF2000BF50E7 /* ExameCell.swift */; };
		2EB609361D47FFD400BF50E7 /* ExamesViewController.swift in Sources */ = {isa = PBXBuildFile; fileRef = 2EB609351D47FFD400BF50E7 /* ExamesViewController.swift */; };
		2EB609381D47FFE100BF50E7 /* MedicosViewController.swift in Sources */ = {isa = PBXBuildFile; fileRef = 2EB609371D47FFE100BF50E7 /* MedicosViewController.swift */; };
		2EB7BF5B1D417AA3002BCC66 /* EditarPacienteViewController.swift in Sources */ = {isa = PBXBuildFile; fileRef = 2EB7BF5A1D417AA3002BCC66 /* EditarPacienteViewController.swift */; };
		2EC251C51D36C7C200910B20 /* EstatisticasViewController.swift in Sources */ = {isa = PBXBuildFile; fileRef = 2EC251C41D36C7C200910B20 /* EstatisticasViewController.swift */; };
		2EC251C71D36C7E300910B20 /* LoginViewController.swift in Sources */ = {isa = PBXBuildFile; fileRef = 2EC251C61D36C7E300910B20 /* LoginViewController.swift */; };
		2EC251C91D36C80500910B20 /* PacientesViewController.swift in Sources */ = {isa = PBXBuildFile; fileRef = 2EC251C81D36C80500910B20 /* PacientesViewController.swift */; };
		2EC251CB1D36C80D00910B20 /* PacienteViewController.swift in Sources */ = {isa = PBXBuildFile; fileRef = 2EC251CA1D36C80D00910B20 /* PacienteViewController.swift */; };
		2EC251CD1D3717D700910B20 /* ListaPacienteCell.swift in Sources */ = {isa = PBXBuildFile; fileRef = 2EC251CC1D3717D700910B20 /* ListaPacienteCell.swift */; };
		2EC251CF1D37282B00910B20 /* OMTextField.swift in Sources */ = {isa = PBXBuildFile; fileRef = 2EC251CE1D37282B00910B20 /* OMTextField.swift */; };
		2EC251D11D372E9000910B20 /* OMButton.swift in Sources */ = {isa = PBXBuildFile; fileRef = 2EC251D01D372E9000910B20 /* OMButton.swift */; };
		2EC251D31D37333900910B20 /* NovoAdmViewController.swift in Sources */ = {isa = PBXBuildFile; fileRef = 2EC251D21D37333900910B20 /* NovoAdmViewController.swift */; };
		2EDE7DDA1D42BA4C0043CB2A /* CloudKit.framework in Frameworks */ = {isa = PBXBuildFile; fileRef = 9CF3BABC1D353A2600D83B1B /* CloudKit.framework */; };
		2EDE7DE01D42C1A10043CB2A /* EditEventViewController.swift in Sources */ = {isa = PBXBuildFile; fileRef = 2EDE7DDF1D42C1A10043CB2A /* EditEventViewController.swift */; };
		2EDEB39E1D383D0900AC93B4 /* HistoricoPacienteTableView.swift in Sources */ = {isa = PBXBuildFile; fileRef = 2EDEB39D1D383D0900AC93B4 /* HistoricoPacienteTableView.swift */; };
		2EDEB3A01D383D1A00AC93B4 /* DadosPacienteTableView.swift in Sources */ = {isa = PBXBuildFile; fileRef = 2EDEB39F1D383D1A00AC93B4 /* DadosPacienteTableView.swift */; };
		2EDEB3A51D395A4100AC93B4 /* OMStatus.swift in Sources */ = {isa = PBXBuildFile; fileRef = 2EDEB3A41D395A4100AC93B4 /* OMStatus.swift */; };
		404478641D416D22003CF0C9 /* Charts.framework in Frameworks */ = {isa = PBXBuildFile; fileRef = 9CA2D7601D3930420093B8B0 /* Charts.framework */; };
		404478651D416D22003CF0C9 /* Charts.framework in Embed Frameworks */ = {isa = PBXBuildFile; fileRef = 9CA2D7601D3930420093B8B0 /* Charts.framework */; settings = {ATTRIBUTES = (CodeSignOnCopy, RemoveHeadersOnCopy, ); }; };
		9C1FFFF61D36C65A00C298A7 /* Main.storyboard in Resources */ = {isa = PBXBuildFile; fileRef = 9C1FFFF41D36C65A00C298A7 /* Main.storyboard */; };
		9C7395311D3EAF1E009D5EAB /* Extensions.swift in Sources */ = {isa = PBXBuildFile; fileRef = 9C7395301D3EAF1E009D5EAB /* Extensions.swift */; };
		9C8F0CCA1D3679930016CD3C /* Paciente.swift in Sources */ = {isa = PBXBuildFile; fileRef = 9C8F0CC91D3679930016CD3C /* Paciente.swift */; };
		9C8F0CCC1D3679A90016CD3C /* Exame.swift in Sources */ = {isa = PBXBuildFile; fileRef = 9C8F0CCB1D3679A90016CD3C /* Exame.swift */; };
		9C8F0CCE1D367F050016CD3C /* Medico.swift in Sources */ = {isa = PBXBuildFile; fileRef = 9C8F0CCD1D367F050016CD3C /* Medico.swift */; };
		9C8F0CD31D3680300016CD3C /* DaoCloudKit.swift in Sources */ = {isa = PBXBuildFile; fileRef = 9C8F0CD21D3680300016CD3C /* DaoCloudKit.swift */; };
		9C8F0CD61D3681650016CD3C /* Admin.swift in Sources */ = {isa = PBXBuildFile; fileRef = 9C8F0CD51D3681650016CD3C /* Admin.swift */; };
		9CF3BAAA1D353A0B00D83B1B /* AppDelegate.swift in Sources */ = {isa = PBXBuildFile; fileRef = 9CF3BAA91D353A0B00D83B1B /* AppDelegate.swift */; };
		9CF3BAB11D353A0B00D83B1B /* Assets.xcassets in Resources */ = {isa = PBXBuildFile; fileRef = 9CF3BAB01D353A0B00D83B1B /* Assets.xcassets */; };
		9CF3BAB41D353A0B00D83B1B /* LaunchScreen.storyboard in Resources */ = {isa = PBXBuildFile; fileRef = 9CF3BAB21D353A0B00D83B1B /* LaunchScreen.storyboard */; };
/* End PBXBuildFile section */

/* Begin PBXContainerItemProxy section */
		404478661D416D22003CF0C9 /* PBXContainerItemProxy */ = {
			isa = PBXContainerItemProxy;
			containerPortal = 9CA2D7581D3930420093B8B0 /* Charts.xcodeproj */;
			proxyType = 1;
			remoteGlobalIDString = 5BA8EC3F1A9D14DC00CE82E1;
			remoteInfo = "Charts-iOS";
		};
		9CA2D75F1D3930420093B8B0 /* PBXContainerItemProxy */ = {
			isa = PBXContainerItemProxy;
			containerPortal = 9CA2D7581D3930420093B8B0 /* Charts.xcodeproj */;
			proxyType = 2;
			remoteGlobalIDString = 5BA8EC401A9D14DC00CE82E1;
			remoteInfo = "Charts-iOS";
		};
		9CA2D7611D3930420093B8B0 /* PBXContainerItemProxy */ = {
			isa = PBXContainerItemProxy;
			containerPortal = 9CA2D7581D3930420093B8B0 /* Charts.xcodeproj */;
			proxyType = 2;
			remoteGlobalIDString = A52C5C371BAC5CA400594CDD;
			remoteInfo = "Charts-TV";
		};
		9CA2D7631D3930420093B8B0 /* PBXContainerItemProxy */ = {
			isa = PBXContainerItemProxy;
			containerPortal = 9CA2D7581D3930420093B8B0 /* Charts.xcodeproj */;
			proxyType = 2;
			remoteGlobalIDString = 65B3F5BF1C7370BE000983D0;
			remoteInfo = "Charts-OSX";
		};
		9CA2D7651D3930420093B8B0 /* PBXContainerItemProxy */ = {
			isa = PBXContainerItemProxy;
			containerPortal = 9CA2D7581D3930420093B8B0 /* Charts.xcodeproj */;
			proxyType = 2;
			remoteGlobalIDString = 06AEE7A21BDC3F8B009875AE;
			remoteInfo = ChartsTests;
		};
/* End PBXContainerItemProxy section */

/* Begin PBXCopyFilesBuildPhase section */
		404478681D416D22003CF0C9 /* Embed Frameworks */ = {
			isa = PBXCopyFilesBuildPhase;
			buildActionMask = 2147483647;
			dstPath = "";
			dstSubfolderSpec = 10;
			files = (
				404478651D416D22003CF0C9 /* Charts.framework in Embed Frameworks */,
			);
			name = "Embed Frameworks";
			runOnlyForDeploymentPostprocessing = 0;
		};
/* End PBXCopyFilesBuildPhase section */

/* Begin PBXFileReference section */
		2E11B70B1D39AA700013A1B4 /* AddEventViewController.swift */ = {isa = PBXFileReference; fileEncoding = 4; lastKnownFileType = sourcecode.swift; path = AddEventViewController.swift; sourceTree = "<group>"; };
		2E11B7111D3C40AD0013A1B4 /* NovoPacienteViewController.swift */ = {isa = PBXFileReference; fileEncoding = 4; lastKnownFileType = sourcecode.swift; path = NovoPacienteViewController.swift; sourceTree = "<group>"; };
		2E5A365B1D41195C008AAD3A /* NovoDadoViewController.swift */ = {isa = PBXFileReference; fileEncoding = 4; lastKnownFileType = sourcecode.swift; path = NovoDadoViewController.swift; sourceTree = "<group>"; };
		2E5A36601D41198A008AAD3A /* NovoMedicoViewController.swift */ = {isa = PBXFileReference; fileEncoding = 4; lastKnownFileType = sourcecode.swift; path = NovoMedicoViewController.swift; sourceTree = "<group>"; };
		2E5A36621D411998008AAD3A /* NovoExameViewController.swift */ = {isa = PBXFileReference; fileEncoding = 4; lastKnownFileType = sourcecode.swift; path = NovoExameViewController.swift; sourceTree = "<group>"; };
		2E5A36671D414C17008AAD3A /* TabBarControl.swift */ = {isa = PBXFileReference; fileEncoding = 4; lastKnownFileType = sourcecode.swift; path = TabBarControl.swift; sourceTree = "<group>"; };
		2EB6092E1D47EE4100BF50E7 /* MedicoCell.swift */ = {isa = PBXFileReference; fileEncoding = 4; lastKnownFileType = sourcecode.swift; path = MedicoCell.swift; sourceTree = "<group>"; };
		2EB609331D47EF2000BF50E7 /* ExameCell.swift */ = {isa = PBXFileReference; fileEncoding = 4; lastKnownFileType = sourcecode.swift; path = ExameCell.swift; sourceTree = "<group>"; };
		2EB609351D47FFD400BF50E7 /* ExamesViewController.swift */ = {isa = PBXFileReference; fileEncoding = 4; lastKnownFileType = sourcecode.swift; path = ExamesViewController.swift; sourceTree = "<group>"; };
		2EB609371D47FFE100BF50E7 /* MedicosViewController.swift */ = {isa = PBXFileReference; fileEncoding = 4; lastKnownFileType = sourcecode.swift; path = MedicosViewController.swift; sourceTree = "<group>"; };
		2EB7BF5A1D417AA3002BCC66 /* EditarPacienteViewController.swift */ = {isa = PBXFileReference; fileEncoding = 4; lastKnownFileType = sourcecode.swift; path = EditarPacienteViewController.swift; sourceTree = "<group>"; };
		2EC251C41D36C7C200910B20 /* EstatisticasViewController.swift */ = {isa = PBXFileReference; fileEncoding = 4; lastKnownFileType = sourcecode.swift; path = EstatisticasViewController.swift; sourceTree = "<group>"; };
		2EC251C61D36C7E300910B20 /* LoginViewController.swift */ = {isa = PBXFileReference; fileEncoding = 4; lastKnownFileType = sourcecode.swift; path = LoginViewController.swift; sourceTree = "<group>"; };
		2EC251C81D36C80500910B20 /* PacientesViewController.swift */ = {isa = PBXFileReference; fileEncoding = 4; lastKnownFileType = sourcecode.swift; path = PacientesViewController.swift; sourceTree = "<group>"; };
		2EC251CA1D36C80D00910B20 /* PacienteViewController.swift */ = {isa = PBXFileReference; fileEncoding = 4; lastKnownFileType = sourcecode.swift; path = PacienteViewController.swift; sourceTree = "<group>"; };
		2EC251CC1D3717D700910B20 /* ListaPacienteCell.swift */ = {isa = PBXFileReference; fileEncoding = 4; lastKnownFileType = sourcecode.swift; path = ListaPacienteCell.swift; sourceTree = "<group>"; };
		2EC251CE1D37282B00910B20 /* OMTextField.swift */ = {isa = PBXFileReference; fileEncoding = 4; lastKnownFileType = sourcecode.swift; path = OMTextField.swift; sourceTree = "<group>"; };
		2EC251D01D372E9000910B20 /* OMButton.swift */ = {isa = PBXFileReference; fileEncoding = 4; lastKnownFileType = sourcecode.swift; path = OMButton.swift; sourceTree = "<group>"; };
		2EC251D21D37333900910B20 /* NovoAdmViewController.swift */ = {isa = PBXFileReference; fileEncoding = 4; lastKnownFileType = sourcecode.swift; path = NovoAdmViewController.swift; sourceTree = "<group>"; };
		2EDE7DDF1D42C1A10043CB2A /* EditEventViewController.swift */ = {isa = PBXFileReference; fileEncoding = 4; lastKnownFileType = sourcecode.swift; path = EditEventViewController.swift; sourceTree = "<group>"; };
		2EDEB39D1D383D0900AC93B4 /* HistoricoPacienteTableView.swift */ = {isa = PBXFileReference; fileEncoding = 4; lastKnownFileType = sourcecode.swift; path = HistoricoPacienteTableView.swift; sourceTree = "<group>"; };
		2EDEB39F1D383D1A00AC93B4 /* DadosPacienteTableView.swift */ = {isa = PBXFileReference; fileEncoding = 4; lastKnownFileType = sourcecode.swift; path = DadosPacienteTableView.swift; sourceTree = "<group>"; };
		2EDEB3A41D395A4100AC93B4 /* OMStatus.swift */ = {isa = PBXFileReference; fileEncoding = 4; lastKnownFileType = sourcecode.swift; path = OMStatus.swift; sourceTree = "<group>"; };
		9C1FFFF51D36C65A00C298A7 /* Base */ = {isa = PBXFileReference; lastKnownFileType = file.storyboard; name = Base; path = Base.lproj/Main.storyboard; sourceTree = "<group>"; };
		9C7395301D3EAF1E009D5EAB /* Extensions.swift */ = {isa = PBXFileReference; fileEncoding = 4; lastKnownFileType = sourcecode.swift; path = Extensions.swift; sourceTree = "<group>"; };
		9C8F0CC91D3679930016CD3C /* Paciente.swift */ = {isa = PBXFileReference; fileEncoding = 4; lastKnownFileType = sourcecode.swift; path = Paciente.swift; sourceTree = "<group>"; };
		9C8F0CCB1D3679A90016CD3C /* Exame.swift */ = {isa = PBXFileReference; fileEncoding = 4; lastKnownFileType = sourcecode.swift; path = Exame.swift; sourceTree = "<group>"; };
		9C8F0CCD1D367F050016CD3C /* Medico.swift */ = {isa = PBXFileReference; fileEncoding = 4; lastKnownFileType = sourcecode.swift; path = Medico.swift; sourceTree = "<group>"; };
		9C8F0CD21D3680300016CD3C /* DaoCloudKit.swift */ = {isa = PBXFileReference; fileEncoding = 4; lastKnownFileType = sourcecode.swift; path = DaoCloudKit.swift; sourceTree = "<group>"; };
		9C8F0CD51D3681650016CD3C /* Admin.swift */ = {isa = PBXFileReference; fileEncoding = 4; lastKnownFileType = sourcecode.swift; path = Admin.swift; sourceTree = "<group>"; };
		9CA2D7581D3930420093B8B0 /* Charts.xcodeproj */ = {isa = PBXFileReference; lastKnownFileType = "wrapper.pb-project"; name = Charts.xcodeproj; path = Charts/Charts.xcodeproj; sourceTree = "<group>"; };
		9CF3BAA61D353A0B00D83B1B /* OncoManager.app */ = {isa = PBXFileReference; explicitFileType = wrapper.application; includeInIndex = 0; path = OncoManager.app; sourceTree = BUILT_PRODUCTS_DIR; };
		9CF3BAA91D353A0B00D83B1B /* AppDelegate.swift */ = {isa = PBXFileReference; lastKnownFileType = sourcecode.swift; path = AppDelegate.swift; sourceTree = "<group>"; };
		9CF3BAB01D353A0B00D83B1B /* Assets.xcassets */ = {isa = PBXFileReference; lastKnownFileType = folder.assetcatalog; path = Assets.xcassets; sourceTree = "<group>"; };
		9CF3BAB31D353A0B00D83B1B /* Base */ = {isa = PBXFileReference; lastKnownFileType = file.storyboard; name = Base; path = Base.lproj/LaunchScreen.storyboard; sourceTree = "<group>"; };
		9CF3BAB51D353A0B00D83B1B /* Info.plist */ = {isa = PBXFileReference; lastKnownFileType = text.plist.xml; path = Info.plist; sourceTree = "<group>"; };
		9CF3BABB1D353A1D00D83B1B /* OncoManager.entitlements */ = {isa = PBXFileReference; lastKnownFileType = text.xml; path = OncoManager.entitlements; sourceTree = "<group>"; };
		9CF3BABC1D353A2600D83B1B /* CloudKit.framework */ = {isa = PBXFileReference; lastKnownFileType = wrapper.framework; name = CloudKit.framework; path = System/Library/Frameworks/CloudKit.framework; sourceTree = SDKROOT; };
/* End PBXFileReference section */

/* Begin PBXFrameworksBuildPhase section */
		9CF3BAA31D353A0B00D83B1B /* Frameworks */ = {
			isa = PBXFrameworksBuildPhase;
			buildActionMask = 2147483647;
			files = (
				2EDE7DDA1D42BA4C0043CB2A /* CloudKit.framework in Frameworks */,
				404478641D416D22003CF0C9 /* Charts.framework in Frameworks */,
			);
			runOnlyForDeploymentPostprocessing = 0;
		};
/* End PBXFrameworksBuildPhase section */

/* Begin PBXGroup section */
		2EDEB39A1D383C6D00AC93B4 /* CustomUIKitClasses */ = {
			isa = PBXGroup;
			children = (
				2EC251CC1D3717D700910B20 /* ListaPacienteCell.swift */,
				2EC251CE1D37282B00910B20 /* OMTextField.swift */,
				2EC251D01D372E9000910B20 /* OMButton.swift */,
				2EDEB39D1D383D0900AC93B4 /* HistoricoPacienteTableView.swift */,
				2EDEB39F1D383D1A00AC93B4 /* DadosPacienteTableView.swift */,
				2EDEB3A41D395A4100AC93B4 /* OMStatus.swift */,
				9C7395301D3EAF1E009D5EAB /* Extensions.swift */,
				2EB6092E1D47EE4100BF50E7 /* MedicoCell.swift */,
				2EB609331D47EF2000BF50E7 /* ExameCell.swift */,
			);
			name = CustomUIKitClasses;
			sourceTree = "<group>";
		};
		9C8F0CCF1D367F930016CD3C /* Model */ = {
			isa = PBXGroup;
			children = (
				9C8F0CC91D3679930016CD3C /* Paciente.swift */,
				9C8F0CCB1D3679A90016CD3C /* Exame.swift */,
				9C8F0CCD1D367F050016CD3C /* Medico.swift */,
				9C8F0CD21D3680300016CD3C /* DaoCloudKit.swift */,
				9C8F0CD51D3681650016CD3C /* Admin.swift */,
			);
			name = Model;
			sourceTree = "<group>";
		};
		9C8F0CD01D367F9B0016CD3C /* View */ = {
			isa = PBXGroup;
			children = (
				9C1FFFF41D36C65A00C298A7 /* Main.storyboard */,
				9CF3BAB21D353A0B00D83B1B /* LaunchScreen.storyboard */,
				2EDEB39A1D383C6D00AC93B4 /* CustomUIKitClasses */,
			);
			name = View;
			sourceTree = "<group>";
		};
		9C8F0CD11D367FA10016CD3C /* Controller */ = {
			isa = PBXGroup;
			children = (
				2EC251CA1D36C80D00910B20 /* PacienteViewController.swift */,
				2EC251C81D36C80500910B20 /* PacientesViewController.swift */,
				2EC251C61D36C7E300910B20 /* LoginViewController.swift */,
				2EC251C41D36C7C200910B20 /* EstatisticasViewController.swift */,
				2EC251D21D37333900910B20 /* NovoAdmViewController.swift */,
				2E11B70B1D39AA700013A1B4 /* AddEventViewController.swift */,
				2E11B7111D3C40AD0013A1B4 /* NovoPacienteViewController.swift */,
				2EB7BF5A1D417AA3002BCC66 /* EditarPacienteViewController.swift */,
				2E5A365B1D41195C008AAD3A /* NovoDadoViewController.swift */,
				2E5A36601D41198A008AAD3A /* NovoMedicoViewController.swift */,
				2E5A36621D411998008AAD3A /* NovoExameViewController.swift */,
				2E5A36671D414C17008AAD3A /* TabBarControl.swift */,
				2EDE7DDF1D42C1A10043CB2A /* EditEventViewController.swift */,
				2EB609351D47FFD400BF50E7 /* ExamesViewController.swift */,
				2EB609371D47FFE100BF50E7 /* MedicosViewController.swift */,
			);
			name = Controller;
			sourceTree = "<group>";
		};
		9CA2D7591D3930420093B8B0 /* Products */ = {
			isa = PBXGroup;
			children = (
				9CA2D7601D3930420093B8B0 /* Charts.framework */,
				9CA2D7621D3930420093B8B0 /* Charts.framework */,
				9CA2D7641D3930420093B8B0 /* Charts.framework */,
				9CA2D7661D3930420093B8B0 /* ChartsTests.xctest */,
			);
			name = Products;
			sourceTree = "<group>";
		};
		9CF3BA9D1D353A0B00D83B1B = {
			isa = PBXGroup;
			children = (
				9CA2D7581D3930420093B8B0 /* Charts.xcodeproj */,
				9CF3BABC1D353A2600D83B1B /* CloudKit.framework */,
				9CF3BAA81D353A0B00D83B1B /* OncoManager */,
				9CF3BAA71D353A0B00D83B1B /* Products */,
			);
			sourceTree = "<group>";
		};
		9CF3BAA71D353A0B00D83B1B /* Products */ = {
			isa = PBXGroup;
			children = (
				9CF3BAA61D353A0B00D83B1B /* OncoManager.app */,
			);
			name = Products;
			sourceTree = "<group>";
		};
		9CF3BAA81D353A0B00D83B1B /* OncoManager */ = {
			isa = PBXGroup;
			children = (
				9C8F0CD11D367FA10016CD3C /* Controller */,
				9C8F0CD01D367F9B0016CD3C /* View */,
				9C8F0CCF1D367F930016CD3C /* Model */,
				9CF3BABB1D353A1D00D83B1B /* OncoManager.entitlements */,
				9CF3BAA91D353A0B00D83B1B /* AppDelegate.swift */,
				9CF3BAB01D353A0B00D83B1B /* Assets.xcassets */,
				9CF3BAB51D353A0B00D83B1B /* Info.plist */,
			);
			path = OncoManager;
			sourceTree = "<group>";
		};
/* End PBXGroup section */

/* Begin PBXNativeTarget section */
		9CF3BAA51D353A0B00D83B1B /* OncoManager */ = {
			isa = PBXNativeTarget;
			buildConfigurationList = 9CF3BAB81D353A0B00D83B1B /* Build configuration list for PBXNativeTarget "OncoManager" */;
			buildPhases = (
				9CF3BAA21D353A0B00D83B1B /* Sources */,
				9CF3BAA31D353A0B00D83B1B /* Frameworks */,
				9CF3BAA41D353A0B00D83B1B /* Resources */,
				404478681D416D22003CF0C9 /* Embed Frameworks */,
			);
			buildRules = (
			);
			dependencies = (
				404478671D416D22003CF0C9 /* PBXTargetDependency */,
			);
			name = OncoManager;
			productName = OncoManager;
			productReference = 9CF3BAA61D353A0B00D83B1B /* OncoManager.app */;
			productType = "com.apple.product-type.application";
		};
/* End PBXNativeTarget section */

/* Begin PBXProject section */
		9CF3BA9E1D353A0B00D83B1B /* Project object */ = {
			isa = PBXProject;
			attributes = {
				LastSwiftUpdateCheck = 0730;
				LastUpgradeCheck = 0730;
				ORGANIZATIONNAME = "Felipe Viberti";
				TargetAttributes = {
					9CF3BAA51D353A0B00D83B1B = {
						CreatedOnToolsVersion = 7.3.1;
						DevelopmentTeam = XBEPC2JPC9;
						SystemCapabilities = {
							com.apple.iCloud = {
								enabled = 1;
							};
						};
					};
				};
			};
			buildConfigurationList = 9CF3BAA11D353A0B00D83B1B /* Build configuration list for PBXProject "OncoManager" */;
			compatibilityVersion = "Xcode 3.2";
			developmentRegion = English;
			hasScannedForEncodings = 0;
			knownRegions = (
				en,
				Base,
			);
			mainGroup = 9CF3BA9D1D353A0B00D83B1B;
			productRefGroup = 9CF3BAA71D353A0B00D83B1B /* Products */;
			projectDirPath = "";
			projectReferences = (
				{
					ProductGroup = 9CA2D7591D3930420093B8B0 /* Products */;
					ProjectRef = 9CA2D7581D3930420093B8B0 /* Charts.xcodeproj */;
				},
			);
			projectRoot = "";
			targets = (
				9CF3BAA51D353A0B00D83B1B /* OncoManager */,
			);
		};
/* End PBXProject section */

/* Begin PBXReferenceProxy section */
		9CA2D7601D3930420093B8B0 /* Charts.framework */ = {
			isa = PBXReferenceProxy;
			fileType = wrapper.framework;
			path = Charts.framework;
			remoteRef = 9CA2D75F1D3930420093B8B0 /* PBXContainerItemProxy */;
			sourceTree = BUILT_PRODUCTS_DIR;
		};
		9CA2D7621D3930420093B8B0 /* Charts.framework */ = {
			isa = PBXReferenceProxy;
			fileType = wrapper.framework;
			path = Charts.framework;
			remoteRef = 9CA2D7611D3930420093B8B0 /* PBXContainerItemProxy */;
			sourceTree = BUILT_PRODUCTS_DIR;
		};
		9CA2D7641D3930420093B8B0 /* Charts.framework */ = {
			isa = PBXReferenceProxy;
			fileType = wrapper.framework;
			path = Charts.framework;
			remoteRef = 9CA2D7631D3930420093B8B0 /* PBXContainerItemProxy */;
			sourceTree = BUILT_PRODUCTS_DIR;
		};
		9CA2D7661D3930420093B8B0 /* ChartsTests.xctest */ = {
			isa = PBXReferenceProxy;
			fileType = wrapper.cfbundle;
			path = ChartsTests.xctest;
			remoteRef = 9CA2D7651D3930420093B8B0 /* PBXContainerItemProxy */;
			sourceTree = BUILT_PRODUCTS_DIR;
		};
/* End PBXReferenceProxy section */

/* Begin PBXResourcesBuildPhase section */
		9CF3BAA41D353A0B00D83B1B /* Resources */ = {
			isa = PBXResourcesBuildPhase;
			buildActionMask = 2147483647;
			files = (
				9C1FFFF61D36C65A00C298A7 /* Main.storyboard in Resources */,
				9CF3BAB41D353A0B00D83B1B /* LaunchScreen.storyboard in Resources */,
				9CF3BAB11D353A0B00D83B1B /* Assets.xcassets in Resources */,
			);
			runOnlyForDeploymentPostprocessing = 0;
		};
/* End PBXResourcesBuildPhase section */

/* Begin PBXSourcesBuildPhase section */
		9CF3BAA21D353A0B00D83B1B /* Sources */ = {
			isa = PBXSourcesBuildPhase;
			buildActionMask = 2147483647;
			files = (
				2EC251CD1D3717D700910B20 /* ListaPacienteCell.swift in Sources */,
				2EDE7DE01D42C1A10043CB2A /* EditEventViewController.swift in Sources */,
				2EC251C71D36C7E300910B20 /* LoginViewController.swift in Sources */,
				2E5A36611D41198A008AAD3A /* NovoMedicoViewController.swift in Sources */,
				2E5A36681D414C17008AAD3A /* TabBarControl.swift in Sources */,
				9C8F0CCA1D3679930016CD3C /* Paciente.swift in Sources */,
				9C8F0CCC1D3679A90016CD3C /* Exame.swift in Sources */,
				2EB609381D47FFE100BF50E7 /* MedicosViewController.swift in Sources */,
				2EC251D11D372E9000910B20 /* OMButton.swift in Sources */,
				2EDEB39E1D383D0900AC93B4 /* HistoricoPacienteTableView.swift in Sources */,
				2EDEB3A01D383D1A00AC93B4 /* DadosPacienteTableView.swift in Sources */,
				2E5A36631D411998008AAD3A /* NovoExameViewController.swift in Sources */,
				9C8F0CD61D3681650016CD3C /* Admin.swift in Sources */,
				2EC251CB1D36C80D00910B20 /* PacienteViewController.swift in Sources */,
				2E11B70C1D39AA700013A1B4 /* AddEventViewController.swift in Sources */,
				2EB609341D47EF2000BF50E7 /* ExameCell.swift in Sources */,
				9C8F0CD31D3680300016CD3C /* DaoCloudKit.swift in Sources */,
				2E5A365C1D41195C008AAD3A /* NovoDadoViewController.swift in Sources */,
				9CF3BAAA1D353A0B00D83B1B /* AppDelegate.swift in Sources */,
				2EB6092F1D47EE4100BF50E7 /* MedicoCell.swift in Sources */,
				9C7395311D3EAF1E009D5EAB /* Extensions.swift in Sources */,
				2EC251CF1D37282B00910B20 /* OMTextField.swift in Sources */,
				2E11B7121D3C40AD0013A1B4 /* NovoPacienteViewController.swift in Sources */,
				2EC251C91D36C80500910B20 /* PacientesViewController.swift in Sources */,
				2EC251D31D37333900910B20 /* NovoAdmViewController.swift in Sources */,
				2EC251C51D36C7C200910B20 /* EstatisticasViewController.swift in Sources */,
				2EB609361D47FFD400BF50E7 /* ExamesViewController.swift in Sources */,
				9C8F0CCE1D367F050016CD3C /* Medico.swift in Sources */,
				2EDEB3A51D395A4100AC93B4 /* OMStatus.swift in Sources */,
				2EB7BF5B1D417AA3002BCC66 /* EditarPacienteViewController.swift in Sources */,
			);
			runOnlyForDeploymentPostprocessing = 0;
		};
/* End PBXSourcesBuildPhase section */

/* Begin PBXTargetDependency section */
		404478671D416D22003CF0C9 /* PBXTargetDependency */ = {
			isa = PBXTargetDependency;
			name = "Charts-iOS";
			targetProxy = 404478661D416D22003CF0C9 /* PBXContainerItemProxy */;
		};
/* End PBXTargetDependency section */

/* Begin PBXVariantGroup section */
		9C1FFFF41D36C65A00C298A7 /* Main.storyboard */ = {
			isa = PBXVariantGroup;
			children = (
				9C1FFFF51D36C65A00C298A7 /* Base */,
			);
			name = Main.storyboard;
			sourceTree = "<group>";
		};
		9CF3BAB21D353A0B00D83B1B /* LaunchScreen.storyboard */ = {
			isa = PBXVariantGroup;
			children = (
				9CF3BAB31D353A0B00D83B1B /* Base */,
			);
			name = LaunchScreen.storyboard;
			sourceTree = "<group>";
		};
/* End PBXVariantGroup section */

/* Begin XCBuildConfiguration section */
		9CF3BAB61D353A0B00D83B1B /* Debug */ = {
			isa = XCBuildConfiguration;
			buildSettings = {
				ALWAYS_SEARCH_USER_PATHS = NO;
				CLANG_ANALYZER_NONNULL = YES;
				CLANG_CXX_LANGUAGE_STANDARD = "gnu++0x";
				CLANG_CXX_LIBRARY = "libc++";
				CLANG_ENABLE_MODULES = YES;
				CLANG_ENABLE_OBJC_ARC = YES;
				CLANG_WARN_BOOL_CONVERSION = YES;
				CLANG_WARN_CONSTANT_CONVERSION = YES;
				CLANG_WARN_DIRECT_OBJC_ISA_USAGE = YES_ERROR;
				CLANG_WARN_EMPTY_BODY = YES;
				CLANG_WARN_ENUM_CONVERSION = YES;
				CLANG_WARN_INT_CONVERSION = YES;
				CLANG_WARN_OBJC_ROOT_CLASS = YES_ERROR;
				CLANG_WARN_UNREACHABLE_CODE = YES;
				CLANG_WARN__DUPLICATE_METHOD_MATCH = YES;
				"CODE_SIGN_IDENTITY[sdk=iphoneos*]" = "iPhone Developer";
				COPY_PHASE_STRIP = NO;
				DEBUG_INFORMATION_FORMAT = dwarf;
				ENABLE_STRICT_OBJC_MSGSEND = YES;
				ENABLE_TESTABILITY = YES;
				GCC_C_LANGUAGE_STANDARD = gnu99;
				GCC_DYNAMIC_NO_PIC = NO;
				GCC_NO_COMMON_BLOCKS = YES;
				GCC_OPTIMIZATION_LEVEL = 0;
				GCC_PREPROCESSOR_DEFINITIONS = (
					"DEBUG=1",
					"$(inherited)",
				);
				GCC_WARN_64_TO_32_BIT_CONVERSION = YES;
				GCC_WARN_ABOUT_RETURN_TYPE = YES_ERROR;
				GCC_WARN_UNDECLARED_SELECTOR = YES;
				GCC_WARN_UNINITIALIZED_AUTOS = YES_AGGRESSIVE;
				GCC_WARN_UNUSED_FUNCTION = YES;
				GCC_WARN_UNUSED_VARIABLE = YES;
				IPHONEOS_DEPLOYMENT_TARGET = 9.3;
				MTL_ENABLE_DEBUG_INFO = YES;
				ONLY_ACTIVE_ARCH = YES;
				SDKROOT = iphoneos;
				SWIFT_OPTIMIZATION_LEVEL = "-Onone";
				TARGETED_DEVICE_FAMILY = "1,2";
			};
			name = Debug;
		};
		9CF3BAB71D353A0B00D83B1B /* Release */ = {
			isa = XCBuildConfiguration;
			buildSettings = {
				ALWAYS_SEARCH_USER_PATHS = NO;
				CLANG_ANALYZER_NONNULL = YES;
				CLANG_CXX_LANGUAGE_STANDARD = "gnu++0x";
				CLANG_CXX_LIBRARY = "libc++";
				CLANG_ENABLE_MODULES = YES;
				CLANG_ENABLE_OBJC_ARC = YES;
				CLANG_WARN_BOOL_CONVERSION = YES;
				CLANG_WARN_CONSTANT_CONVERSION = YES;
				CLANG_WARN_DIRECT_OBJC_ISA_USAGE = YES_ERROR;
				CLANG_WARN_EMPTY_BODY = YES;
				CLANG_WARN_ENUM_CONVERSION = YES;
				CLANG_WARN_INT_CONVERSION = YES;
				CLANG_WARN_OBJC_ROOT_CLASS = YES_ERROR;
				CLANG_WARN_UNREACHABLE_CODE = YES;
				CLANG_WARN__DUPLICATE_METHOD_MATCH = YES;
				"CODE_SIGN_IDENTITY[sdk=iphoneos*]" = "iPhone Developer";
				COPY_PHASE_STRIP = NO;
				DEBUG_INFORMATION_FORMAT = "dwarf-with-dsym";
				ENABLE_NS_ASSERTIONS = NO;
				ENABLE_STRICT_OBJC_MSGSEND = YES;
				GCC_C_LANGUAGE_STANDARD = gnu99;
				GCC_NO_COMMON_BLOCKS = YES;
				GCC_WARN_64_TO_32_BIT_CONVERSION = YES;
				GCC_WARN_ABOUT_RETURN_TYPE = YES_ERROR;
				GCC_WARN_UNDECLARED_SELECTOR = YES;
				GCC_WARN_UNINITIALIZED_AUTOS = YES_AGGRESSIVE;
				GCC_WARN_UNUSED_FUNCTION = YES;
				GCC_WARN_UNUSED_VARIABLE = YES;
				IPHONEOS_DEPLOYMENT_TARGET = 9.3;
				MTL_ENABLE_DEBUG_INFO = NO;
				SDKROOT = iphoneos;
				TARGETED_DEVICE_FAMILY = "1,2";
				VALIDATE_PRODUCT = YES;
			};
			name = Release;
		};
		9CF3BAB91D353A0B00D83B1B /* Debug */ = {
			isa = XCBuildConfiguration;
			buildSettings = {
				ASSETCATALOG_COMPILER_APPICON_NAME = AppIcon;
				CODE_SIGN_ENTITLEMENTS = OncoManager/OncoManager.entitlements;
				CODE_SIGN_IDENTITY = "iPhone Developer";
				"CODE_SIGN_IDENTITY[sdk=iphoneos*]" = "iPhone Developer";
				EMBEDDED_CONTENT_CONTAINS_SWIFT = YES;
				EMBED_ASSET_PACKS_IN_PRODUCT_BUNDLE = YES;
				INFOPLIST_FILE = OncoManager/Info.plist;
				LD_RUNPATH_SEARCH_PATHS = "$(inherited) @executable_path/Frameworks";
				PRODUCT_BUNDLE_IDENTIFIER = "Felipe-Viberti.OncoManager";
				PRODUCT_NAME = "$(TARGET_NAME)";
				PROVISIONING_PROFILE = "";
				TARGETED_DEVICE_FAMILY = 1;
			};
			name = Debug;
		};
		9CF3BABA1D353A0B00D83B1B /* Release */ = {
			isa = XCBuildConfiguration;
			buildSettings = {
				ASSETCATALOG_COMPILER_APPICON_NAME = AppIcon;
				CODE_SIGN_ENTITLEMENTS = OncoManager/OncoManager.entitlements;
				CODE_SIGN_IDENTITY = "iPhone Developer";
				"CODE_SIGN_IDENTITY[sdk=iphoneos*]" = "iPhone Developer";
				EMBEDDED_CONTENT_CONTAINS_SWIFT = YES;
				EMBED_ASSET_PACKS_IN_PRODUCT_BUNDLE = YES;
				INFOPLIST_FILE = OncoManager/Info.plist;
				LD_RUNPATH_SEARCH_PATHS = "$(inherited) @executable_path/Frameworks";
				PRODUCT_BUNDLE_IDENTIFIER = "Felipe-Viberti.OncoManager";
				PRODUCT_NAME = "$(TARGET_NAME)";
				PROVISIONING_PROFILE = "";
				TARGETED_DEVICE_FAMILY = 1;
			};
			name = Release;
		};
/* End XCBuildConfiguration section */

/* Begin XCConfigurationList section */
		9CF3BAA11D353A0B00D83B1B /* Build configuration list for PBXProject "OncoManager" */ = {
			isa = XCConfigurationList;
			buildConfigurations = (
				9CF3BAB61D353A0B00D83B1B /* Debug */,
				9CF3BAB71D353A0B00D83B1B /* Release */,
			);
			defaultConfigurationIsVisible = 0;
			defaultConfigurationName = Release;
		};
		9CF3BAB81D353A0B00D83B1B /* Build configuration list for PBXNativeTarget "OncoManager" */ = {
			isa = XCConfigurationList;
			buildConfigurations = (
				9CF3BAB91D353A0B00D83B1B /* Debug */,
				9CF3BABA1D353A0B00D83B1B /* Release */,
			);
			defaultConfigurationIsVisible = 0;
			defaultConfigurationName = Release;
		};
/* End XCConfigurationList section */
	};
	rootObject = 9CF3BA9E1D353A0B00D83B1B /* Project object */;
}
